
Microsoft Visual Studio Solution File, Format Version 12.00
# Visual Studio Version 17
VisualStudioVersion = 17.14.36804.6 d17.14
MinimumVisualStudioVersion = 10.0.40219.1
Project("{FAE04EC0-301F-11D3-BF4B-00C04F79EFBC}") = "Task1", "Task1\Task1.csproj", "{8E4EA217-499E-4E62-8B9D-112BC8E44669}"
EndProject
Project("{FAE04EC0-301F-11D3-BF4B-00C04F79EFBC}") = "Task2", "Task2\Task2.csproj", "{C35D2986-BB59-4082-81C5-46174DE7A47F}"
EndProject
Project("{FAE04EC0-301F-11D3-BF4B-00C04F79EFBC}") = "Task3", "Task3\Task3.csproj", "{50A3D7FC-A3AF-415B-A3C9-5E457786A16F}"
EndProject
Global
	GlobalSection(SolutionConfigurationPlatforms) = preSolution
		Debug|Any CPU = Debug|Any CPU
		Release|Any CPU = Release|Any CPU
	EndGlobalSection
	GlobalSection(ProjectConfigurationPlatforms) = postSolution
		{8E4EA217-499E-4E62-8B9D-112BC8E44669}.Debug|Any CPU.ActiveCfg = Debug|Any CPU
		{8E4EA217-499E-4E62-8B9D-112BC8E44669}.Debug|Any CPU.Build.0 = Debug|Any CPU
		{8E4EA217-499E-4E62-8B9D-112BC8E44669}.Release|Any CPU.ActiveCfg = Release|Any CPU
		{8E4EA217-499E-4E62-8B9D-112BC8E44669}.Release|Any CPU.Build.0 = Release|Any CPU
		{C35D2986-BB59-4082-81C5-46174DE7A47F}.Debug|Any CPU.ActiveCfg = Debug|Any CPU
		{C35D2986-BB59-4082-81C5-46174DE7A47F}.Debug|Any CPU.Build.0 = Debug|Any CPU
		{C35D2986-BB59-4082-81C5-46174DE7A47F}.Release|Any CPU.ActiveCfg = Release|Any CPU
		{C35D2986-BB59-4082-81C5-46174DE7A47F}.Release|Any CPU.Build.0 = Release|Any CPU
		{50A3D7FC-A3AF-415B-A3C9-5E457786A16F}.Debug|Any CPU.ActiveCfg = Debug|Any CPU
		{50A3D7FC-A3AF-415B-A3C9-5E457786A16F}.Debug|Any CPU.Build.0 = Debug|Any CPU
		{50A3D7FC-A3AF-415B-A3C9-5E457786A16F}.Release|Any CPU.ActiveCfg = Release|Any CPU
		{50A3D7FC-A3AF-415B-A3C9-5E457786A16F}.Release|Any CPU.Build.0 = Release|Any CPU
	EndGlobalSection
	GlobalSection(SolutionProperties) = preSolution
		HideSolutionNode = FALSE
	EndGlobalSection
	GlobalSection(ExtensibilityGlobals) = postSolution
		SolutionGuid = {FBDEEC2B-DF33-4570-9233-F6225D72FBA2}
	EndGlobalSection
EndGlobal
